
Microsoft Visual Studio Solution File, Format Version 12.00
# Visual Studio Version 16
VisualStudioVersion = 16.0.32901.82
MinimumVisualStudioVersion = 10.0.40219.1
Project("{9A19103F-16F7-4668-BE54-9A1E7A4F7556}") = "Methods", "Methods\Methods.csproj", "{BBFA063F-F1D5-4D37-BC5B-49CAB58733FB}"
EndProject
Project("{9A19103F-16F7-4668-BE54-9A1E7A4F7556}") = "Mathematic", "Mathematic\Mathematic.csproj", "{C8F97813-492B-4CE7-8006-FCBC63F4BADE}"
EndProject
Project("{FAE04EC0-301F-11D3-BF4B-00C04F79EFBC}") = "DegerveReferansTipler", "DegerveReferansTipler\DegerveReferansTipler.csproj", "{9779168E-53AC-4625-B540-31E25D91C78D}"
EndProject
Global
	GlobalSection(SolutionConfigurationPlatforms) = preSolution
		Debug|Any CPU = Debug|Any CPU
		Release|Any CPU = Release|Any CPU
	EndGlobalSection
	GlobalSection(ProjectConfigurationPlatforms) = postSolution
		{BBFA063F-F1D5-4D37-BC5B-49CAB58733FB}.Debug|Any CPU.ActiveCfg = Debug|Any CPU
		{BBFA063F-F1D5-4D37-BC5B-49CAB58733FB}.Debug|Any CPU.Build.0 = Debug|Any CPU
		{BBFA063F-F1D5-4D37-BC5B-49CAB58733FB}.Release|Any CPU.ActiveCfg = Release|Any CPU
		{BBFA063F-F1D5-4D37-BC5B-49CAB58733FB}.Release|Any CPU.Build.0 = Release|Any CPU
		{C8F97813-492B-4CE7-8006-FCBC63F4BADE}.Debug|Any CPU.ActiveCfg = Debug|Any CPU
		{C8F97813-492B-4CE7-8006-FCBC63F4BADE}.Debug|Any CPU.Build.0 = Debug|Any CPU
		{C8F97813-492B-4CE7-8006-FCBC63F4BADE}.Release|Any CPU.ActiveCfg = Release|Any CPU
		{C8F97813-492B-4CE7-8006-FCBC63F4BADE}.Release|Any CPU.Build.0 = Release|Any CPU
		{9779168E-53AC-4625-B540-31E25D91C78D}.Debug|Any CPU.ActiveCfg = Debug|Any CPU
		{9779168E-53AC-4625-B540-31E25D91C78D}.Debug|Any CPU.Build.0 = Debug|Any CPU
		{9779168E-53AC-4625-B540-31E25D91C78D}.Release|Any CPU.ActiveCfg = Release|Any CPU
		{9779168E-53AC-4625-B540-31E25D91C78D}.Release|Any CPU.Build.0 = Release|Any CPU
	EndGlobalSection
	GlobalSection(SolutionProperties) = preSolution
		HideSolutionNode = FALSE
	EndGlobalSection
	GlobalSection(ExtensibilityGlobals) = postSolution
		SolutionGuid = {014B601F-E13E-4557-926D-4F7B7428B209}
	EndGlobalSection
EndGlobal
